// !$*UTF8*$!
{
	archiveVersion = 1;
	classes = {
	};
	objectVersion = 50;
	objects = {

/* Begin PBXBuildFile section */
		1105E4AF21C158190075619D /* AppDelegate.swift in Sources */ = {isa = PBXBuildFile; fileRef = 1105E4AE21C158190075619D /* AppDelegate.swift */; };
		1105E4B121C158190075619D /* QuestionViewController.swift in Sources */ = {isa = PBXBuildFile; fileRef = 1105E4B021C158190075619D /* QuestionViewController.swift */; };
		1105E4B421C158190075619D /* Main.storyboard in Resources */ = {isa = PBXBuildFile; fileRef = 1105E4B221C158190075619D /* Main.storyboard */; };
		1105E4B621C1581A0075619D /* Assets.xcassets in Resources */ = {isa = PBXBuildFile; fileRef = 1105E4B521C1581A0075619D /* Assets.xcassets */; };
		1105E4B921C1581A0075619D /* LaunchScreen.storyboard in Resources */ = {isa = PBXBuildFile; fileRef = 1105E4B721C1581A0075619D /* LaunchScreen.storyboard */; };
		1196612921C2AC54003AA6C5 /* Question.swift in Sources */ = {isa = PBXBuildFile; fileRef = 1196612821C2AC54003AA6C5 /* Question.swift */; };
		1196612C21C30E7E003AA6C5 /* QuestionController.swift in Sources */ = {isa = PBXBuildFile; fileRef = 1196612B21C30E7E003AA6C5 /* QuestionController.swift */; };
		119E4A1C21C33FBC00322DA1 /* ScoreViewController.swift in Sources */ = {isa = PBXBuildFile; fileRef = 119E4A1B21C33FBC00322DA1 /* ScoreViewController.swift */; };
		119E4A2621C3451500322DA1 /* LeaderboardTableViewController.swift in Sources */ = {isa = PBXBuildFile; fileRef = 119E4A2521C3451500322DA1 /* LeaderboardTableViewController.swift */; };
		11ECF89F21C94FC200855F8A /* Result.swift in Sources */ = {isa = PBXBuildFile; fileRef = 11ECF89E21C94FC200855F8A /* Result.swift */; };
		11F63EF221C3E25300E0C250 /* SubmitScoreDelegate.swift in Sources */ = {isa = PBXBuildFile; fileRef = 11F63EF121C3E25300E0C250 /* SubmitScoreDelegate.swift */; };
		11F63EF621C3F55000E0C250 /* ServerResult.swift in Sources */ = {isa = PBXBuildFile; fileRef = 11F63EF521C3F55000E0C250 /* ServerResult.swift */; };
		11F63EF821C4028D00E0C250 /* ResultController.swift in Sources */ = {isa = PBXBuildFile; fileRef = 11F63EF721C4028D00E0C250 /* ResultController.swift */; };
		65A42FA18246A4A364FC903B /* Pods_Trivia.framework in Frameworks */ = {isa = PBXBuildFile; fileRef = EF7194E05E7CF070F9A31C97 /* Pods_Trivia.framework */; };
/* End PBXBuildFile section */

/* Begin PBXFileReference section */
		1105E4AB21C158190075619D /* Trivia.app */ = {isa = PBXFileReference; explicitFileType = wrapper.application; includeInIndex = 0; path = Trivia.app; sourceTree = BUILT_PRODUCTS_DIR; };
		1105E4AE21C158190075619D /* AppDelegate.swift */ = {isa = PBXFileReference; lastKnownFileType = sourcecode.swift; path = AppDelegate.swift; sourceTree = "<group>"; };
		1105E4B021C158190075619D /* QuestionViewController.swift */ = {isa = PBXFileReference; lastKnownFileType = sourcecode.swift; path = QuestionViewController.swift; sourceTree = "<group>"; };
		1105E4B321C158190075619D /* Base */ = {isa = PBXFileReference; lastKnownFileType = file.storyboard; name = Base; path = Base.lproj/Main.storyboard; sourceTree = "<group>"; };
		1105E4B521C1581A0075619D /* Assets.xcassets */ = {isa = PBXFileReference; lastKnownFileType = folder.assetcatalog; path = Assets.xcassets; sourceTree = "<group>"; };
		1105E4B821C1581A0075619D /* Base */ = {isa = PBXFileReference; lastKnownFileType = file.storyboard; name = Base; path = Base.lproj/LaunchScreen.storyboard; sourceTree = "<group>"; };
		1105E4BA21C1581A0075619D /* Info.plist */ = {isa = PBXFileReference; lastKnownFileType = text.plist.xml; path = Info.plist; sourceTree = "<group>"; };
		1196612821C2AC54003AA6C5 /* Question.swift */ = {isa = PBXFileReference; lastKnownFileType = sourcecode.swift; path = Question.swift; sourceTree = "<group>"; };
		1196612B21C30E7E003AA6C5 /* QuestionController.swift */ = {isa = PBXFileReference; lastKnownFileType = sourcecode.swift; path = QuestionController.swift; sourceTree = "<group>"; };
		119E4A1B21C33FBC00322DA1 /* ScoreViewController.swift */ = {isa = PBXFileReference; lastKnownFileType = sourcecode.swift; path = ScoreViewController.swift; sourceTree = "<group>"; };
		119E4A2521C3451500322DA1 /* LeaderboardTableViewController.swift */ = {isa = PBXFileReference; lastKnownFileType = sourcecode.swift; path = LeaderboardTableViewController.swift; sourceTree = "<group>"; };
		11ECF89E21C94FC200855F8A /* Result.swift */ = {isa = PBXFileReference; fileEncoding = 4; lastKnownFileType = sourcecode.swift; path = Result.swift; sourceTree = "<group>"; };
		11F63EF121C3E25300E0C250 /* SubmitScoreDelegate.swift */ = {isa = PBXFileReference; lastKnownFileType = sourcecode.swift; path = SubmitScoreDelegate.swift; sourceTree = "<group>"; };
		11F63EF521C3F55000E0C250 /* ServerResult.swift */ = {isa = PBXFileReference; lastKnownFileType = sourcecode.swift; path = ServerResult.swift; sourceTree = "<group>"; };
		11F63EF721C4028D00E0C250 /* ResultController.swift */ = {isa = PBXFileReference; fileEncoding = 4; lastKnownFileType = sourcecode.swift; path = ResultController.swift; sourceTree = "<group>"; };
		B04C23E96DCCBD6CC805190F /* Pods-Trivia.release.xcconfig */ = {isa = PBXFileReference; includeInIndex = 1; lastKnownFileType = text.xcconfig; name = "Pods-Trivia.release.xcconfig"; path = "Pods/Target Support Files/Pods-Trivia/Pods-Trivia.release.xcconfig"; sourceTree = "<group>"; };
		C5869D320C4A005A082B780D /* Pods-Trivia.debug.xcconfig */ = {isa = PBXFileReference; includeInIndex = 1; lastKnownFileType = text.xcconfig; name = "Pods-Trivia.debug.xcconfig"; path = "Pods/Target Support Files/Pods-Trivia/Pods-Trivia.debug.xcconfig"; sourceTree = "<group>"; };
		EF7194E05E7CF070F9A31C97 /* Pods_Trivia.framework */ = {isa = PBXFileReference; explicitFileType = wrapper.framework; includeInIndex = 0; path = Pods_Trivia.framework; sourceTree = BUILT_PRODUCTS_DIR; };
/* End PBXFileReference section */

/* Begin PBXFrameworksBuildPhase section */
		1105E4A821C158190075619D /* Frameworks */ = {
			isa = PBXFrameworksBuildPhase;
			buildActionMask = 2147483647;
			files = (
				65A42FA18246A4A364FC903B /* Pods_Trivia.framework in Frameworks */,
			);
			runOnlyForDeploymentPostprocessing = 0;
		};
/* End PBXFrameworksBuildPhase section */

/* Begin PBXGroup section */
		1105E4A221C158190075619D = {
			isa = PBXGroup;
			children = (
				1105E4AD21C158190075619D /* Trivia */,
				1105E4AC21C158190075619D /* Products */,
				39EFA078759B063C08EC200A /* Pods */,
				CD99CC9DD83BB7A6FCC989F6 /* Frameworks */,
			);
			sourceTree = "<group>";
		};
		1105E4AC21C158190075619D /* Products */ = {
			isa = PBXGroup;
			children = (
				1105E4AB21C158190075619D /* Trivia.app */,
			);
			name = Products;
			sourceTree = "<group>";
		};
		1105E4AD21C158190075619D /* Trivia */ = {
			isa = PBXGroup;
			children = (
				1105E4AE21C158190075619D /* AppDelegate.swift */,
				1105E4B221C158190075619D /* Main.storyboard */,
				11F63EF121C3E25300E0C250 /* SubmitScoreDelegate.swift */,
				119E4A1E21C3405E00322DA1 /* ViewControllers */,
				119E4A2021C3407700322DA1 /* Model */,
				119E4A2421C3409D00322DA1 /* Controller */,
				1105E4B521C1581A0075619D /* Assets.xcassets */,
				1105E4B721C1581A0075619D /* LaunchScreen.storyboard */,
				1105E4BA21C1581A0075619D /* Info.plist */,
			);
			path = Trivia;
			sourceTree = "<group>";
		};
		119E4A1E21C3405E00322DA1 /* ViewControllers */ = {
			isa = PBXGroup;
			children = (
				1105E4B021C158190075619D /* QuestionViewController.swift */,
				119E4A1B21C33FBC00322DA1 /* ScoreViewController.swift */,
				119E4A2521C3451500322DA1 /* LeaderboardTableViewController.swift */,
			);
			name = ViewControllers;
			sourceTree = "<group>";
		};
		119E4A2021C3407700322DA1 /* Model */ = {
			isa = PBXGroup;
			children = (
				1196612821C2AC54003AA6C5 /* Question.swift */,
				11ECF89E21C94FC200855F8A /* Result.swift */,
				11F63EF521C3F55000E0C250 /* ServerResult.swift */,
			);
			name = Model;
			sourceTree = "<group>";
		};
		119E4A2421C3409D00322DA1 /* Controller */ = {
			isa = PBXGroup;
			children = (
				1196612B21C30E7E003AA6C5 /* QuestionController.swift */,
				11F63EF721C4028D00E0C250 /* ResultController.swift */,
			);
			name = Controller;
			sourceTree = "<group>";
		};
		39EFA078759B063C08EC200A /* Pods */ = {
			isa = PBXGroup;
			children = (
				C5869D320C4A005A082B780D /* Pods-Trivia.debug.xcconfig */,
				B04C23E96DCCBD6CC805190F /* Pods-Trivia.release.xcconfig */,
			);
			name = Pods;
			sourceTree = "<group>";
		};
		CD99CC9DD83BB7A6FCC989F6 /* Frameworks */ = {
			isa = PBXGroup;
			children = (
				EF7194E05E7CF070F9A31C97 /* Pods_Trivia.framework */,
			);
			name = Frameworks;
			sourceTree = "<group>";
		};
/* End PBXGroup section */

/* Begin PBXNativeTarget section */
		1105E4AA21C158190075619D /* Trivia */ = {
			isa = PBXNativeTarget;
			buildConfigurationList = 1105E4BD21C1581A0075619D /* Build configuration list for PBXNativeTarget "Trivia" */;
			buildPhases = (
				7207CC1092F686F2E9F94D5F /* [CP] Check Pods Manifest.lock */,
				1105E4A721C158190075619D /* Sources */,
				1105E4A821C158190075619D /* Frameworks */,
				1105E4A921C158190075619D /* Resources */,
				B2F2FE7FE4FC8A1E7CD9B0A8 /* [CP] Embed Pods Frameworks */,
			);
			buildRules = (
			);
			dependencies = (
			);
			name = Trivia;
			productName = Trivia;
			productReference = 1105E4AB21C158190075619D /* Trivia.app */;
			productType = "com.apple.product-type.application";
		};
/* End PBXNativeTarget section */

/* Begin PBXProject section */
		1105E4A321C158190075619D /* Project object */ = {
			isa = PBXProject;
			attributes = {
				LastSwiftUpdateCheck = 1010;
				LastUpgradeCheck = 1010;
				ORGANIZATIONNAME = "Sander de Vries";
				TargetAttributes = {
					1105E4AA21C158190075619D = {
						CreatedOnToolsVersion = 10.1;
					};
				};
			};
			buildConfigurationList = 1105E4A621C158190075619D /* Build configuration list for PBXProject "Trivia" */;
			compatibilityVersion = "Xcode 9.3";
			developmentRegion = en;
			hasScannedForEncodings = 0;
			knownRegions = (
				en,
				Base,
			);
			mainGroup = 1105E4A221C158190075619D;
			productRefGroup = 1105E4AC21C158190075619D /* Products */;
			projectDirPath = "";
			projectRoot = "";
			targets = (
				1105E4AA21C158190075619D /* Trivia */,
			);
		};
/* End PBXProject section */

/* Begin PBXResourcesBuildPhase section */
		1105E4A921C158190075619D /* Resources */ = {
			isa = PBXResourcesBuildPhase;
			buildActionMask = 2147483647;
			files = (
				1105E4B921C1581A0075619D /* LaunchScreen.storyboard in Resources */,
				1105E4B621C1581A0075619D /* Assets.xcassets in Resources */,
				1105E4B421C158190075619D /* Main.storyboard in Resources */,
			);
			runOnlyForDeploymentPostprocessing = 0;
		};
/* End PBXResourcesBuildPhase section */

/* Begin PBXShellScriptBuildPhase section */
		7207CC1092F686F2E9F94D5F /* [CP] Check Pods Manifest.lock */ = {
			isa = PBXShellScriptBuildPhase;
			buildActionMask = 2147483647;
			files = (
			);
			inputFileListPaths = (
			);
			inputPaths = (
				"${PODS_PODFILE_DIR_PATH}/Podfile.lock",
				"${PODS_ROOT}/Manifest.lock",
			);
			name = "[CP] Check Pods Manifest.lock";
			outputFileListPaths = (
			);
			outputPaths = (
				"$(DERIVED_FILE_DIR)/Pods-Trivia-checkManifestLockResult.txt",
			);
			runOnlyForDeploymentPostprocessing = 0;
			shellPath = /bin/sh;
			shellScript = "diff \"${PODS_PODFILE_DIR_PATH}/Podfile.lock\" \"${PODS_ROOT}/Manifest.lock\" > /dev/null\nif [ $? != 0 ] ; then\n    # print error to STDERR\n    echo \"error: The sandbox is not in sync with the Podfile.lock. Run 'pod install' or update your CocoaPods installation.\" >&2\n    exit 1\nfi\n# This output is used by Xcode 'outputs' to avoid re-running this script phase.\necho \"SUCCESS\" > \"${SCRIPT_OUTPUT_FILE_0}\"\n";
			showEnvVarsInLog = 0;
		};
		B2F2FE7FE4FC8A1E7CD9B0A8 /* [CP] Embed Pods Frameworks */ = {
			isa = PBXShellScriptBuildPhase;
			buildActionMask = 2147483647;
			files = (
			);
			inputFileListPaths = (
			);
			inputPaths = (
				"${SRCROOT}/Pods/Target Support Files/Pods-Trivia/Pods-Trivia-frameworks.sh",
				"${BUILT_PRODUCTS_DIR}/HTMLString/HTMLString.framework",
			);
			name = "[CP] Embed Pods Frameworks";
			outputFileListPaths = (
			);
			outputPaths = (
				"${TARGET_BUILD_DIR}/${FRAMEWORKS_FOLDER_PATH}/HTMLString.framework",
			);
			runOnlyForDeploymentPostprocessing = 0;
			shellPath = /bin/sh;
			shellScript = "\"${SRCROOT}/Pods/Target Support Files/Pods-Trivia/Pods-Trivia-frameworks.sh\"\n";
			showEnvVarsInLog = 0;
		};
/* End PBXShellScriptBuildPhase section */

/* Begin PBXSourcesBuildPhase section */
		1105E4A721C158190075619D /* Sources */ = {
			isa = PBXSourcesBuildPhase;
			buildActionMask = 2147483647;
			files = (
				1196612921C2AC54003AA6C5 /* Question.swift in Sources */,
				1105E4B121C158190075619D /* QuestionViewController.swift in Sources */,
				11F63EF821C4028D00E0C250 /* ResultController.swift in Sources */,
				11F63EF621C3F55000E0C250 /* ServerResult.swift in Sources */,
				119E4A1C21C33FBC00322DA1 /* ScoreViewController.swift in Sources */,
				1105E4AF21C158190075619D /* AppDelegate.swift in Sources */,
				11ECF89F21C94FC200855F8A /* Result.swift in Sources */,
				1196612C21C30E7E003AA6C5 /* QuestionController.swift in Sources */,
				119E4A2621C3451500322DA1 /* LeaderboardTableViewController.swift in Sources */,
				11F63EF221C3E25300E0C250 /* SubmitScoreDelegate.swift in Sources */,
			);
			runOnlyForDeploymentPostprocessing = 0;
		};
/* End PBXSourcesBuildPhase section */

/* Begin PBXVariantGroup section */
		1105E4B221C158190075619D /* Main.storyboard */ = {
			isa = PBXVariantGroup;
			children = (
				1105E4B321C158190075619D /* Base */,
			);
			name = Main.storyboard;
			sourceTree = "<group>";
		};
		1105E4B721C1581A0075619D /* LaunchScreen.storyboard */ = {
			isa = PBXVariantGroup;
			children = (
				1105E4B821C1581A0075619D /* Base */,
			);
			name = LaunchScreen.storyboard;
			sourceTree = "<group>";
		};
/* End PBXVariantGroup section */

/* Begin XCBuildConfiguration section */
		1105E4BB21C1581A0075619D /* Debug */ = {
			isa = XCBuildConfiguration;
			buildSettings = {
				ALWAYS_SEARCH_USER_PATHS = NO;
				CLANG_ANALYZER_NONNULL = YES;
				CLANG_ANALYZER_NUMBER_OBJECT_CONVERSION = YES_AGGRESSIVE;
				CLANG_CXX_LANGUAGE_STANDARD = "gnu++14";
				CLANG_CXX_LIBRARY = "libc++";
				CLANG_ENABLE_MODULES = YES;
				CLANG_ENABLE_OBJC_ARC = YES;
				CLANG_ENABLE_OBJC_WEAK = YES;
				CLANG_WARN_BLOCK_CAPTURE_AUTORELEASING = YES;
				CLANG_WARN_BOOL_CONVERSION = YES;
				CLANG_WARN_COMMA = YES;
				CLANG_WARN_CONSTANT_CONVERSION = YES;
				CLANG_WARN_DEPRECATED_OBJC_IMPLEMENTATIONS = YES;
				CLANG_WARN_DIRECT_OBJC_ISA_USAGE = YES_ERROR;
				CLANG_WARN_DOCUMENTATION_COMMENTS = YES;
				CLANG_WARN_EMPTY_BODY = YES;
				CLANG_WARN_ENUM_CONVERSION = YES;
				CLANG_WARN_INFINITE_RECURSION = YES;
				CLANG_WARN_INT_CONVERSION = YES;
				CLANG_WARN_NON_LITERAL_NULL_CONVERSION = YES;
				CLANG_WARN_OBJC_IMPLICIT_RETAIN_SELF = YES;
				CLANG_WARN_OBJC_LITERAL_CONVERSION = YES;
				CLANG_WARN_OBJC_ROOT_CLASS = YES_ERROR;
				CLANG_WARN_RANGE_LOOP_ANALYSIS = YES;
				CLANG_WARN_STRICT_PROTOTYPES = YES;
				CLANG_WARN_SUSPICIOUS_MOVE = YES;
				CLANG_WARN_UNGUARDED_AVAILABILITY = YES_AGGRESSIVE;
				CLANG_WARN_UNREACHABLE_CODE = YES;
				CLANG_WARN__DUPLICATE_METHOD_MATCH = YES;
				CODE_SIGN_IDENTITY = "iPhone Developer";
				COPY_PHASE_STRIP = NO;
				DEBUG_INFORMATION_FORMAT = dwarf;
				ENABLE_STRICT_OBJC_MSGSEND = YES;
				ENABLE_TESTABILITY = YES;
				GCC_C_LANGUAGE_STANDARD = gnu11;
				GCC_DYNAMIC_NO_PIC = NO;
				GCC_NO_COMMON_BLOCKS = YES;
				GCC_OPTIMIZATION_LEVEL = 0;
				GCC_PREPROCESSOR_DEFINITIONS = (
					"DEBUG=1",
					"$(inherited)",
				);
				GCC_WARN_64_TO_32_BIT_CONVERSION = YES;
				GCC_WARN_ABOUT_RETURN_TYPE = YES_ERROR;
				GCC_WARN_UNDECLARED_SELECTOR = YES;
				GCC_WARN_UNINITIALIZED_AUTOS = YES_AGGRESSIVE;
				GCC_WARN_UNUSED_FUNCTION = YES;
				GCC_WARN_UNUSED_VARIABLE = YES;
				IPHONEOS_DEPLOYMENT_TARGET = 12.1;
				MTL_ENABLE_DEBUG_INFO = INCLUDE_SOURCE;
				MTL_FAST_MATH = YES;
				ONLY_ACTIVE_ARCH = YES;
				SDKROOT = iphoneos;
				SWIFT_ACTIVE_COMPILATION_CONDITIONS = DEBUG;
				SWIFT_OPTIMIZATION_LEVEL = "-Onone";
			};
			name = Debug;
		};
		1105E4BC21C1581A0075619D /* Release */ = {
			isa = XCBuildConfiguration;
			buildSettings = {
				ALWAYS_SEARCH_USER_PATHS = NO;
				CLANG_ANALYZER_NONNULL = YES;
				CLANG_ANALYZER_NUMBER_OBJECT_CONVERSION = YES_AGGRESSIVE;
				CLANG_CXX_LANGUAGE_STANDARD = "gnu++14";
				CLANG_CXX_LIBRARY = "libc++";
				CLANG_ENABLE_MODULES = YES;
				CLANG_ENABLE_OBJC_ARC = YES;
				CLANG_ENABLE_OBJC_WEAK = YES;
				CLANG_WARN_BLOCK_CAPTURE_AUTORELEASING = YES;
				CLANG_WARN_BOOL_CONVERSION = YES;
				CLANG_WARN_COMMA = YES;
				CLANG_WARN_CONSTANT_CONVERSION = YES;
				CLANG_WARN_DEPRECATED_OBJC_IMPLEMENTATIONS = YES;
				CLANG_WARN_DIRECT_OBJC_ISA_USAGE = YES_ERROR;
				CLANG_WARN_DOCUMENTATION_COMMENTS = YES;
				CLANG_WARN_EMPTY_BODY = YES;
				CLANG_WARN_ENUM_CONVERSION = YES;
				CLANG_WARN_INFINITE_RECURSION = YES;
				CLANG_WARN_INT_CONVERSION = YES;
				CLANG_WARN_NON_LITERAL_NULL_CONVERSION = YES;
				CLANG_WARN_OBJC_IMPLICIT_RETAIN_SELF = YES;
				CLANG_WARN_OBJC_LITERAL_CONVERSION = YES;
				CLANG_WARN_OBJC_ROOT_CLASS = YES_ERROR;
				CLANG_WARN_RANGE_LOOP_ANALYSIS = YES;
				CLANG_WARN_STRICT_PROTOTYPES = YES;
				CLANG_WARN_SUSPICIOUS_MOVE = YES;
				CLANG_WARN_UNGUARDED_AVAILABILITY = YES_AGGRESSIVE;
				CLANG_WARN_UNREACHABLE_CODE = YES;
				CLANG_WARN__DUPLICATE_METHOD_MATCH = YES;
				CODE_SIGN_IDENTITY = "iPhone Developer";
				COPY_PHASE_STRIP = NO;
				DEBUG_INFORMATION_FORMAT = "dwarf-with-dsym";
				ENABLE_NS_ASSERTIONS = NO;
				ENABLE_STRICT_OBJC_MSGSEND = YES;
				GCC_C_LANGUAGE_STANDARD = gnu11;
				GCC_NO_COMMON_BLOCKS = YES;
				GCC_WARN_64_TO_32_BIT_CONVERSION = YES;
				GCC_WARN_ABOUT_RETURN_TYPE = YES_ERROR;
				GCC_WARN_UNDECLARED_SELECTOR = YES;
				GCC_WARN_UNINITIALIZED_AUTOS = YES_AGGRESSIVE;
				GCC_WARN_UNUSED_FUNCTION = YES;
				GCC_WARN_UNUSED_VARIABLE = YES;
				IPHONEOS_DEPLOYMENT_TARGET = 12.1;
				MTL_ENABLE_DEBUG_INFO = NO;
				MTL_FAST_MATH = YES;
				SDKROOT = iphoneos;
				SWIFT_COMPILATION_MODE = wholemodule;
				SWIFT_OPTIMIZATION_LEVEL = "-O";
				VALIDATE_PRODUCT = YES;
			};
			name = Release;
		};
		1105E4BE21C1581A0075619D /* Debug */ = {
			isa = XCBuildConfiguration;
			baseConfigurationReference = C5869D320C4A005A082B780D /* Pods-Trivia.debug.xcconfig */;
			buildSettings = {
				ASSETCATALOG_COMPILER_APPICON_NAME = AppIcon;
				CODE_SIGN_STYLE = Automatic;
				DEVELOPMENT_TEAM = HD8Z8V6932;
				INFOPLIST_FILE = Trivia/Info.plist;
				LD_RUNPATH_SEARCH_PATHS = (
					"$(inherited)",
					"@executable_path/Frameworks",
				);
				PRODUCT_BUNDLE_IDENTIFIER = freesers.Trivia;
				PRODUCT_NAME = "$(TARGET_NAME)";
				SWIFT_VERSION = 4.2;
				TARGETED_DEVICE_FAMILY = "1,2";
			};
			name = Debug;
		};
		1105E4BF21C1581A0075619D /* Release */ = {
			isa = XCBuildConfiguration;
			baseConfigurationReference = B04C23E96DCCBD6CC805190F /* Pods-Trivia.release.xcconfig */;
			buildSettings = {
				ASSETCATALOG_COMPILER_APPICON_NAME = AppIcon;
				CODE_SIGN_STYLE = Automatic;
				DEVELOPMENT_TEAM = HD8Z8V6932;
				INFOPLIST_FILE = Trivia/Info.plist;
				LD_RUNPATH_SEARCH_PATHS = (
					"$(inherited)",
					"@executable_path/Frameworks",
				);
				PRODUCT_BUNDLE_IDENTIFIER = freesers.Trivia;
				PRODUCT_NAME = "$(TARGET_NAME)";
				SWIFT_VERSION = 4.2;
				TARGETED_DEVICE_FAMILY = "1,2";
			};
			name = Release;
		};
/* End XCBuildConfiguration section */

/* Begin XCConfigurationList section */
		1105E4A621C158190075619D /* Build configuration list for PBXProject "Trivia" */ = {
			isa = XCConfigurationList;
			buildConfigurations = (
				1105E4BB21C1581A0075619D /* Debug */,
				1105E4BC21C1581A0075619D /* Release */,
			);
			defaultConfigurationIsVisible = 0;
			defaultConfigurationName = Release;
		};
		1105E4BD21C1581A0075619D /* Build configuration list for PBXNativeTarget "Trivia" */ = {
			isa = XCConfigurationList;
			buildConfigurations = (
				1105E4BE21C1581A0075619D /* Debug */,
				1105E4BF21C1581A0075619D /* Release */,
			);
			defaultConfigurationIsVisible = 0;
			defaultConfigurationName = Release;
		};
/* End XCConfigurationList section */
	};
	rootObject = 1105E4A321C158190075619D /* Project object */;
}
